
Microsoft Visual Studio Solution File, Format Version 12.00
# Visual Studio Version 17
VisualStudioVersion = 17.14.36109.1
MinimumVisualStudioVersion = 10.0.40219.1
Project("{8BC9CEB8-8B4A-11D0-8D11-00A0C91BC942}") = "DATABASE-CTRL", "DATABASE-CTRL\DATABASE-CTRL.vcxproj", "{E4432B36-0469-4941-B218-1890C0CBAE35}"
EndProject
Project("{8BC9CEB8-8B4A-11D0-8D11-00A0C91BC942}") = "TESTS", "TESTS\TESTS.vcxproj", "{139F720B-74ED-4EC1-8629-613B05984CCB}"
	ProjectSection(ProjectDependencies) = postProject
		{E4432B36-0469-4941-B218-1890C0CBAE35} = {E4432B36-0469-4941-B218-1890C0CBAE35}
	EndProjectSection
EndProject
Project("{8BC9CEB8-8B4A-11D0-8D11-00A0C91BC942}") = "MATH", "MATH\MATH.vcxproj", "{0D4CDCBD-7E35-4BB0-9D8C-6162F2EC91FC}"
EndProject
Global
	GlobalSection(SolutionConfigurationPlatforms) = preSolution
		Debug|x64 = Debug|x64
		Debug|x86 = Debug|x86
		Release|x64 = Release|x64
		Release|x86 = Release|x86
	EndGlobalSection
	GlobalSection(ProjectConfigurationPlatforms) = postSolution
		{E4432B36-0469-4941-B218-1890C0CBAE35}.Debug|x64.ActiveCfg = Debug|x64
		{E4432B36-0469-4941-B218-1890C0CBAE35}.Debug|x64.Build.0 = Debug|x64
		{E4432B36-0469-4941-B218-1890C0CBAE35}.Debug|x86.ActiveCfg = Debug|Win32
		{E4432B36-0469-4941-B218-1890C0CBAE35}.Debug|x86.Build.0 = Debug|Win32
		{E4432B36-0469-4941-B218-1890C0CBAE35}.Release|x64.ActiveCfg = Release|x64
		{E4432B36-0469-4941-B218-1890C0CBAE35}.Release|x64.Build.0 = Release|x64
		{E4432B36-0469-4941-B218-1890C0CBAE35}.Release|x86.ActiveCfg = Release|Win32
		{E4432B36-0469-4941-B218-1890C0CBAE35}.Release|x86.Build.0 = Release|Win32
		{139F720B-74ED-4EC1-8629-613B05984CCB}.Debug|x64.ActiveCfg = Debug|x64
		{139F720B-74ED-4EC1-8629-613B05984CCB}.Debug|x64.Build.0 = Debug|x64
		{139F720B-74ED-4EC1-8629-613B05984CCB}.Debug|x86.ActiveCfg = Debug|Win32
		{139F720B-74ED-4EC1-8629-613B05984CCB}.Debug|x86.Build.0 = Debug|Win32
		{139F720B-74ED-4EC1-8629-613B05984CCB}.Release|x64.ActiveCfg = Release|x64
		{139F720B-74ED-4EC1-8629-613B05984CCB}.Release|x64.Build.0 = Release|x64
		{139F720B-74ED-4EC1-8629-613B05984CCB}.Release|x86.ActiveCfg = Release|Win32
		{139F720B-74ED-4EC1-8629-613B05984CCB}.Release|x86.Build.0 = Release|Win32
		{0D4CDCBD-7E35-4BB0-9D8C-6162F2EC91FC}.Debug|x64.ActiveCfg = Debug|x64
		{0D4CDCBD-7E35-4BB0-9D8C-6162F2EC91FC}.Debug|x64.Build.0 = Debug|x64
		{0D4CDCBD-7E35-4BB0-9D8C-6162F2EC91FC}.Debug|x86.ActiveCfg = Debug|Win32
		{0D4CDCBD-7E35-4BB0-9D8C-6162F2EC91FC}.Debug|x86.Build.0 = Debug|Win32
		{0D4CDCBD-7E35-4BB0-9D8C-6162F2EC91FC}.Release|x64.ActiveCfg = Release|x64
		{0D4CDCBD-7E35-4BB0-9D8C-6162F2EC91FC}.Release|x64.Build.0 = Release|x64
		{0D4CDCBD-7E35-4BB0-9D8C-6162F2EC91FC}.Release|x86.ActiveCfg = Release|Win32
		{0D4CDCBD-7E35-4BB0-9D8C-6162F2EC91FC}.Release|x86.Build.0 = Release|Win32
	EndGlobalSection
	GlobalSection(SolutionProperties) = preSolution
		HideSolutionNode = FALSE
	EndGlobalSection
	GlobalSection(ExtensibilityGlobals) = postSolution
		SolutionGuid = {A716FB85-392F-4938-9B8D-FC0041EAB7A7}
	EndGlobalSection
EndGlobal
