
Microsoft Visual Studio Solution File, Format Version 12.00
# Visual Studio Version 17
VisualStudioVersion = 17.14.36109.1
MinimumVisualStudioVersion = 10.0.40219.1
Project("{8BC9CEB8-8B4A-11D0-8D11-00A0C91BC942}") = "MATH", "MATH\MATH.vcxproj", "{0D4CDCBD-7E35-4BB0-9D8C-6162F2EC91FC}"
EndProject
Project("{8BC9CEB8-8B4A-11D0-8D11-00A0C91BC942}") = "INTERPRETER", "INTERPRETER\INTERPRETER.vcxproj", "{9A50B735-A9BE-417D-890D-0C318EB92472}"
	ProjectSection(ProjectDependencies) = postProject
		{0D4CDCBD-7E35-4BB0-9D8C-6162F2EC91FC} = {0D4CDCBD-7E35-4BB0-9D8C-6162F2EC91FC}
		{EC3EDA10-B3BB-4820-8BF9-A793354C2E9D} = {EC3EDA10-B3BB-4820-8BF9-A793354C2E9D}
	EndProjectSection
EndProject
Project("{2150E333-8FDC-42A3-9474-1A3956D46DE8}") = "CLIENT", "CLIENT", "{02EA681E-C7D8-13C7-8484-4AC65E1B71E8}"
EndProject
Project("{8BC9CEB8-8B4A-11D0-8D11-00A0C91BC942}") = "CMD", "CMD\CMD.vcxproj", "{D370FC8F-F771-43DE-9604-1B37A2451A70}"
	ProjectSection(ProjectDependencies) = postProject
		{0D4CDCBD-7E35-4BB0-9D8C-6162F2EC91FC} = {0D4CDCBD-7E35-4BB0-9D8C-6162F2EC91FC}
		{4A3577E9-3387-406E-A098-7E4A46FECD0E} = {4A3577E9-3387-406E-A098-7E4A46FECD0E}
		{9A50B735-A9BE-417D-890D-0C318EB92472} = {9A50B735-A9BE-417D-890D-0C318EB92472}
	EndProjectSection
EndProject
Project("{2150E333-8FDC-42A3-9474-1A3956D46DE8}") = "COMMUNICATION", "COMMUNICATION", "{416952B4-04FB-43DD-9F83-32726354F2D7}"
EndProject
Project("{8BC9CEB8-8B4A-11D0-8D11-00A0C91BC942}") = "WEBSERVICES", "WEBSERVICES\WEBSERVICES.vcxproj", "{4A3577E9-3387-406E-A098-7E4A46FECD0E}"
EndProject
Project("{8BC9CEB8-8B4A-11D0-8D11-00A0C91BC942}") = "GUI", "GUI\GUI.vcxproj", "{53254685-1362-4453-A867-5D83C27BCEE5}"
	ProjectSection(ProjectDependencies) = postProject
		{0D4CDCBD-7E35-4BB0-9D8C-6162F2EC91FC} = {0D4CDCBD-7E35-4BB0-9D8C-6162F2EC91FC}
		{4A3577E9-3387-406E-A098-7E4A46FECD0E} = {4A3577E9-3387-406E-A098-7E4A46FECD0E}
		{6618D86A-5C33-48A8-8A2D-3128E1312F15} = {6618D86A-5C33-48A8-8A2D-3128E1312F15}
		{9A50B735-A9BE-417D-890D-0C318EB92472} = {9A50B735-A9BE-417D-890D-0C318EB92472}
		{FE825A26-949C-4FDF-B304-E304E160300C} = {FE825A26-949C-4FDF-B304-E304E160300C}
	EndProjectSection
EndProject
Project("{8BC9CEB8-8B4A-11D0-8D11-00A0C91BC942}") = "SERIAL", "SERIAL\SERIAL.vcxproj", "{6618D86A-5C33-48A8-8A2D-3128E1312F15}"
EndProject
Project("{8BC9CEB8-8B4A-11D0-8D11-00A0C91BC942}") = "SETTINGS", "SETTINGS\SETTINGS.vcxproj", "{EC3EDA10-B3BB-4820-8BF9-A793354C2E9D}"
EndProject
Project("{8BC9CEB8-8B4A-11D0-8D11-00A0C91BC942}") = "FILEHANDLER", "FILEHANDLER\FILEHANDLER.vcxproj", "{FE825A26-949C-4FDF-B304-E304E160300C}"
EndProject
Project("{2150E333-8FDC-42A3-9474-1A3956D46DE8}") = "BACKEND", "BACKEND", "{5FDAF1EE-D689-4B83-8DF5-10E2175FB84B}"
EndProject
Project("{8BC9CEB8-8B4A-11D0-8D11-00A0C91BC942}") = "DATABASE", "DATABASE\DATABASE.vcxproj", "{0F2108F8-45FB-4E4F-8A12-582C41D81117}"
	ProjectSection(ProjectDependencies) = postProject
		{EC3EDA10-B3BB-4820-8BF9-A793354C2E9D} = {EC3EDA10-B3BB-4820-8BF9-A793354C2E9D}
	EndProjectSection
EndProject
Project("{2150E333-8FDC-42A3-9474-1A3956D46DE8}") = "VERSION_SPECIFIC", "VERSION_SPECIFIC", "{A5080C80-A366-49A1-B71B-56952F7FC55F}"
EndProject
Project("{8BC9CEB8-8B4A-11D0-8D11-00A0C91BC942}") = "VERSION_SELECTOR", "VERSION_SPECIFIC\VERSION_SELECTOR\VERSION_SELECTOR.vcxproj", "{CE56A691-3353-4427-9A3A-0DB7F4C48822}"
	ProjectSection(ProjectDependencies) = postProject
		{0C38D576-E1BD-4BB7-91D4-4A7C1F92581C} = {0C38D576-E1BD-4BB7-91D4-4A7C1F92581C}
		{EC3EDA10-B3BB-4820-8BF9-A793354C2E9D} = {EC3EDA10-B3BB-4820-8BF9-A793354C2E9D}
	EndProjectSection
EndProject
Project("{8BC9CEB8-8B4A-11D0-8D11-00A0C91BC942}") = "TOOLKIT_v0.1.0", "VERSION_SPECIFIC\TOOLKIT_v0.1.0\TOOLKIT_v0.1.0.vcxproj", "{0C38D576-E1BD-4BB7-91D4-4A7C1F92581C}"
EndProject
Project("{2150E333-8FDC-42A3-9474-1A3956D46DE8}") = "CRYPTOGRAPHY", "CRYPTOGRAPHY", "{CEAA7589-648C-4CB6-A7B7-6FACF6AF2316}"
EndProject
Project("{8BC9CEB8-8B4A-11D0-8D11-00A0C91BC942}") = "HASHING", "HASHING\HASHING.vcxproj", "{7A6DBA24-7DA7-4917-8531-AF56E49615DD}"
EndProject
Global
	GlobalSection(SolutionConfigurationPlatforms) = preSolution
		Debug|x64 = Debug|x64
		Debug|x86 = Debug|x86
		Release|x64 = Release|x64
		Release|x86 = Release|x86
	EndGlobalSection
	GlobalSection(ProjectConfigurationPlatforms) = postSolution
		{0D4CDCBD-7E35-4BB0-9D8C-6162F2EC91FC}.Debug|x64.ActiveCfg = Debug|x64
		{0D4CDCBD-7E35-4BB0-9D8C-6162F2EC91FC}.Debug|x64.Build.0 = Debug|x64
		{0D4CDCBD-7E35-4BB0-9D8C-6162F2EC91FC}.Debug|x86.ActiveCfg = Debug|Win32
		{0D4CDCBD-7E35-4BB0-9D8C-6162F2EC91FC}.Debug|x86.Build.0 = Debug|Win32
		{0D4CDCBD-7E35-4BB0-9D8C-6162F2EC91FC}.Release|x64.ActiveCfg = Release|x64
		{0D4CDCBD-7E35-4BB0-9D8C-6162F2EC91FC}.Release|x64.Build.0 = Release|x64
		{0D4CDCBD-7E35-4BB0-9D8C-6162F2EC91FC}.Release|x86.ActiveCfg = Release|Win32
		{0D4CDCBD-7E35-4BB0-9D8C-6162F2EC91FC}.Release|x86.Build.0 = Release|Win32
		{9A50B735-A9BE-417D-890D-0C318EB92472}.Debug|x64.ActiveCfg = Debug|x64
		{9A50B735-A9BE-417D-890D-0C318EB92472}.Debug|x64.Build.0 = Debug|x64
		{9A50B735-A9BE-417D-890D-0C318EB92472}.Debug|x86.ActiveCfg = Debug|Win32
		{9A50B735-A9BE-417D-890D-0C318EB92472}.Debug|x86.Build.0 = Debug|Win32
		{9A50B735-A9BE-417D-890D-0C318EB92472}.Release|x64.ActiveCfg = Release|x64
		{9A50B735-A9BE-417D-890D-0C318EB92472}.Release|x64.Build.0 = Release|x64
		{9A50B735-A9BE-417D-890D-0C318EB92472}.Release|x86.ActiveCfg = Release|Win32
		{9A50B735-A9BE-417D-890D-0C318EB92472}.Release|x86.Build.0 = Release|Win32
		{D370FC8F-F771-43DE-9604-1B37A2451A70}.Debug|x64.ActiveCfg = Debug|x64
		{D370FC8F-F771-43DE-9604-1B37A2451A70}.Debug|x64.Build.0 = Debug|x64
		{D370FC8F-F771-43DE-9604-1B37A2451A70}.Debug|x86.ActiveCfg = Debug|Win32
		{D370FC8F-F771-43DE-9604-1B37A2451A70}.Debug|x86.Build.0 = Debug|Win32
		{D370FC8F-F771-43DE-9604-1B37A2451A70}.Release|x64.ActiveCfg = Release|x64
		{D370FC8F-F771-43DE-9604-1B37A2451A70}.Release|x64.Build.0 = Release|x64
		{D370FC8F-F771-43DE-9604-1B37A2451A70}.Release|x86.ActiveCfg = Release|Win32
		{D370FC8F-F771-43DE-9604-1B37A2451A70}.Release|x86.Build.0 = Release|Win32
		{4A3577E9-3387-406E-A098-7E4A46FECD0E}.Debug|x64.ActiveCfg = Debug|x64
		{4A3577E9-3387-406E-A098-7E4A46FECD0E}.Debug|x64.Build.0 = Debug|x64
		{4A3577E9-3387-406E-A098-7E4A46FECD0E}.Debug|x86.ActiveCfg = Debug|Win32
		{4A3577E9-3387-406E-A098-7E4A46FECD0E}.Debug|x86.Build.0 = Debug|Win32
		{4A3577E9-3387-406E-A098-7E4A46FECD0E}.Release|x64.ActiveCfg = Release|x64
		{4A3577E9-3387-406E-A098-7E4A46FECD0E}.Release|x64.Build.0 = Release|x64
		{4A3577E9-3387-406E-A098-7E4A46FECD0E}.Release|x86.ActiveCfg = Release|Win32
		{4A3577E9-3387-406E-A098-7E4A46FECD0E}.Release|x86.Build.0 = Release|Win32
		{53254685-1362-4453-A867-5D83C27BCEE5}.Debug|x64.ActiveCfg = Debug|x64
		{53254685-1362-4453-A867-5D83C27BCEE5}.Debug|x64.Build.0 = Debug|x64
		{53254685-1362-4453-A867-5D83C27BCEE5}.Debug|x86.ActiveCfg = Debug|Win32
		{53254685-1362-4453-A867-5D83C27BCEE5}.Debug|x86.Build.0 = Debug|Win32
		{53254685-1362-4453-A867-5D83C27BCEE5}.Release|x64.ActiveCfg = Release|x64
		{53254685-1362-4453-A867-5D83C27BCEE5}.Release|x64.Build.0 = Release|x64
		{53254685-1362-4453-A867-5D83C27BCEE5}.Release|x86.ActiveCfg = Release|Win32
		{53254685-1362-4453-A867-5D83C27BCEE5}.Release|x86.Build.0 = Release|Win32
		{6618D86A-5C33-48A8-8A2D-3128E1312F15}.Debug|x64.ActiveCfg = Debug|x64
		{6618D86A-5C33-48A8-8A2D-3128E1312F15}.Debug|x64.Build.0 = Debug|x64
		{6618D86A-5C33-48A8-8A2D-3128E1312F15}.Debug|x86.ActiveCfg = Debug|Win32
		{6618D86A-5C33-48A8-8A2D-3128E1312F15}.Debug|x86.Build.0 = Debug|Win32
		{6618D86A-5C33-48A8-8A2D-3128E1312F15}.Release|x64.ActiveCfg = Release|x64
		{6618D86A-5C33-48A8-8A2D-3128E1312F15}.Release|x64.Build.0 = Release|x64
		{6618D86A-5C33-48A8-8A2D-3128E1312F15}.Release|x86.ActiveCfg = Release|Win32
		{6618D86A-5C33-48A8-8A2D-3128E1312F15}.Release|x86.Build.0 = Release|Win32
		{EC3EDA10-B3BB-4820-8BF9-A793354C2E9D}.Debug|x64.ActiveCfg = Debug|x64
		{EC3EDA10-B3BB-4820-8BF9-A793354C2E9D}.Debug|x64.Build.0 = Debug|x64
		{EC3EDA10-B3BB-4820-8BF9-A793354C2E9D}.Debug|x86.ActiveCfg = Debug|Win32
		{EC3EDA10-B3BB-4820-8BF9-A793354C2E9D}.Debug|x86.Build.0 = Debug|Win32
		{EC3EDA10-B3BB-4820-8BF9-A793354C2E9D}.Release|x64.ActiveCfg = Release|x64
		{EC3EDA10-B3BB-4820-8BF9-A793354C2E9D}.Release|x64.Build.0 = Release|x64
		{EC3EDA10-B3BB-4820-8BF9-A793354C2E9D}.Release|x86.ActiveCfg = Release|Win32
		{EC3EDA10-B3BB-4820-8BF9-A793354C2E9D}.Release|x86.Build.0 = Release|Win32
		{FE825A26-949C-4FDF-B304-E304E160300C}.Debug|x64.ActiveCfg = Debug|x64
		{FE825A26-949C-4FDF-B304-E304E160300C}.Debug|x64.Build.0 = Debug|x64
		{FE825A26-949C-4FDF-B304-E304E160300C}.Debug|x86.ActiveCfg = Debug|Win32
		{FE825A26-949C-4FDF-B304-E304E160300C}.Debug|x86.Build.0 = Debug|Win32
		{FE825A26-949C-4FDF-B304-E304E160300C}.Release|x64.ActiveCfg = Release|x64
		{FE825A26-949C-4FDF-B304-E304E160300C}.Release|x64.Build.0 = Release|x64
		{FE825A26-949C-4FDF-B304-E304E160300C}.Release|x86.ActiveCfg = Release|Win32
		{FE825A26-949C-4FDF-B304-E304E160300C}.Release|x86.Build.0 = Release|Win32
		{0F2108F8-45FB-4E4F-8A12-582C41D81117}.Debug|x64.ActiveCfg = Debug|x64
		{0F2108F8-45FB-4E4F-8A12-582C41D81117}.Debug|x64.Build.0 = Debug|x64
		{0F2108F8-45FB-4E4F-8A12-582C41D81117}.Debug|x86.ActiveCfg = Debug|Win32
		{0F2108F8-45FB-4E4F-8A12-582C41D81117}.Debug|x86.Build.0 = Debug|Win32
		{0F2108F8-45FB-4E4F-8A12-582C41D81117}.Release|x64.ActiveCfg = Release|x64
		{0F2108F8-45FB-4E4F-8A12-582C41D81117}.Release|x64.Build.0 = Release|x64
		{0F2108F8-45FB-4E4F-8A12-582C41D81117}.Release|x86.ActiveCfg = Release|Win32
		{0F2108F8-45FB-4E4F-8A12-582C41D81117}.Release|x86.Build.0 = Release|Win32
		{CE56A691-3353-4427-9A3A-0DB7F4C48822}.Debug|x64.ActiveCfg = Debug|x64
		{CE56A691-3353-4427-9A3A-0DB7F4C48822}.Debug|x64.Build.0 = Debug|x64
		{CE56A691-3353-4427-9A3A-0DB7F4C48822}.Debug|x86.ActiveCfg = Debug|Win32
		{CE56A691-3353-4427-9A3A-0DB7F4C48822}.Debug|x86.Build.0 = Debug|Win32
		{CE56A691-3353-4427-9A3A-0DB7F4C48822}.Release|x64.ActiveCfg = Release|x64
		{CE56A691-3353-4427-9A3A-0DB7F4C48822}.Release|x64.Build.0 = Release|x64
		{CE56A691-3353-4427-9A3A-0DB7F4C48822}.Release|x86.ActiveCfg = Release|Win32
		{CE56A691-3353-4427-9A3A-0DB7F4C48822}.Release|x86.Build.0 = Release|Win32
		{0C38D576-E1BD-4BB7-91D4-4A7C1F92581C}.Debug|x64.ActiveCfg = Debug|x64
		{0C38D576-E1BD-4BB7-91D4-4A7C1F92581C}.Debug|x64.Build.0 = Debug|x64
		{0C38D576-E1BD-4BB7-91D4-4A7C1F92581C}.Debug|x86.ActiveCfg = Debug|Win32
		{0C38D576-E1BD-4BB7-91D4-4A7C1F92581C}.Debug|x86.Build.0 = Debug|Win32
		{0C38D576-E1BD-4BB7-91D4-4A7C1F92581C}.Release|x64.ActiveCfg = Release|x64
		{0C38D576-E1BD-4BB7-91D4-4A7C1F92581C}.Release|x64.Build.0 = Release|x64
		{0C38D576-E1BD-4BB7-91D4-4A7C1F92581C}.Release|x86.ActiveCfg = Release|Win32
		{0C38D576-E1BD-4BB7-91D4-4A7C1F92581C}.Release|x86.Build.0 = Release|Win32
		{7A6DBA24-7DA7-4917-8531-AF56E49615DD}.Debug|x64.ActiveCfg = Debug|x64
		{7A6DBA24-7DA7-4917-8531-AF56E49615DD}.Debug|x64.Build.0 = Debug|x64
		{7A6DBA24-7DA7-4917-8531-AF56E49615DD}.Debug|x86.ActiveCfg = Debug|Win32
		{7A6DBA24-7DA7-4917-8531-AF56E49615DD}.Debug|x86.Build.0 = Debug|Win32
		{7A6DBA24-7DA7-4917-8531-AF56E49615DD}.Release|x64.ActiveCfg = Release|x64
		{7A6DBA24-7DA7-4917-8531-AF56E49615DD}.Release|x64.Build.0 = Release|x64
		{7A6DBA24-7DA7-4917-8531-AF56E49615DD}.Release|x86.ActiveCfg = Release|Win32
		{7A6DBA24-7DA7-4917-8531-AF56E49615DD}.Release|x86.Build.0 = Release|Win32
	EndGlobalSection
	GlobalSection(SolutionProperties) = preSolution
		HideSolutionNode = FALSE
	EndGlobalSection
	GlobalSection(NestedProjects) = preSolution
		{D370FC8F-F771-43DE-9604-1B37A2451A70} = {02EA681E-C7D8-13C7-8484-4AC65E1B71E8}
		{4A3577E9-3387-406E-A098-7E4A46FECD0E} = {416952B4-04FB-43DD-9F83-32726354F2D7}
		{53254685-1362-4453-A867-5D83C27BCEE5} = {02EA681E-C7D8-13C7-8484-4AC65E1B71E8}
		{6618D86A-5C33-48A8-8A2D-3128E1312F15} = {416952B4-04FB-43DD-9F83-32726354F2D7}
		{FE825A26-949C-4FDF-B304-E304E160300C} = {02EA681E-C7D8-13C7-8484-4AC65E1B71E8}
		{0F2108F8-45FB-4E4F-8A12-582C41D81117} = {5FDAF1EE-D689-4B83-8DF5-10E2175FB84B}
		{CE56A691-3353-4427-9A3A-0DB7F4C48822} = {A5080C80-A366-49A1-B71B-56952F7FC55F}
		{0C38D576-E1BD-4BB7-91D4-4A7C1F92581C} = {A5080C80-A366-49A1-B71B-56952F7FC55F}
		{7A6DBA24-7DA7-4917-8531-AF56E49615DD} = {CEAA7589-648C-4CB6-A7B7-6FACF6AF2316}
	EndGlobalSection
	GlobalSection(ExtensibilityGlobals) = postSolution
		SolutionGuid = {A716FB85-392F-4938-9B8D-FC0041EAB7A7}
	EndGlobalSection
EndGlobal
